<?xml version="1.0" encoding="utf-8"?>
<Project ToolsVersion="4.0" xmlns="http://schemas.microsoft.com/developer/msbuild/2003">
  <ItemGroup>
    <ClCompile Include="utils\colors.cpp" />
    <ClCompile Include="utils\maths.cpp" />
    <ClCompile Include="buffer.cpp" />
    <ClCompile Include="main.cpp" />
    <ClCompile Include="player.cpp" />
    <ClCompile Include="goal.cpp" />
    <ClCompile Include="path.cpp" />
    <ClCompile Include="utils\drawable.cpp" />
  </ItemGroup>
  <ItemGroup>
    <ClInclude Include="player.h" />
    <ClInclude Include="utils\colors.h" />
    <ClInclude Include="utils\maths.h" />
    <ClInclude Include="buffer.h" />
    <ClInclude Include="goal.h" />
    <ClInclude Include="utils\drawable.h" />
    <ClInclude Include="path.h" />
  </ItemGroup>
  <ItemGroup>
    <None Include="src\utils\maths.inl" />
    <None Include="utils\maths.inl" />
  </ItemGroup>
</Project>